
Microsoft Visual Studio Solution File, Format Version 12.00
# Visual Studio Version 17
VisualStudioVersion = 17.10.35027.167
MinimumVisualStudioVersion = 10.0.40219.1
Project("{FAE04EC0-301F-11D3-BF4B-00C04F79EFBC}") = "BTL_ASP_Web_Sport", "BTL_ASP_Web_Sport\BTL_ASP_Web_Sport.csproj", "{7D8AD1FF-A945-4526-B8CB-FF2012C50D5E}"
EndProject
Global
	GlobalSection(SolutionConfigurationPlatforms) = preSolution
		Debug|Any CPU = Debug|Any CPU
		Release|Any CPU = Release|Any CPU
	EndGlobalSection
	GlobalSection(ProjectConfigurationPlatforms) = postSolution
		{7D8AD1FF-A945-4526-B8CB-FF2012C50D5E}.Debug|Any CPU.ActiveCfg = Debug|Any CPU
		{7D8AD1FF-A945-4526-B8CB-FF2012C50D5E}.Debug|Any CPU.Build.0 = Debug|Any CPU
		{7D8AD1FF-A945-4526-B8CB-FF2012C50D5E}.Release|Any CPU.ActiveCfg = Release|Any CPU
		{7D8AD1FF-A945-4526-B8CB-FF2012C50D5E}.Release|Any CPU.Build.0 = Release|Any CPU
	EndGlobalSection
	GlobalSection(SolutionProperties) = preSolution
		HideSolutionNode = FALSE
	EndGlobalSection
	GlobalSection(ExtensibilityGlobals) = postSolution
		SolutionGuid = {46FBC26A-E475-4AA4-B347-9DA35B753084}
	EndGlobalSection
EndGlobal
